# This file is automatically @generated by Poetry 2.1.1 and should not be changed by hand.

[[package]]
name = "cryptg"
version = "0.5.0.post0"
description = "Cryptographic utilities for Telegram."
optional = false
python-versions = ">=3.7"
groups = ["main"]
files = [
    {file = "cryptg-0.5.0.post0-cp310-cp310-macosx_11_0_arm64.whl", hash = "sha256:9eb089ab72d52cb900458aac46986b6f41b3b2ddf0ffd4b82a2e88f01eac3b93"},
    {file = "cryptg-0.5.0.post0-cp310-cp310-manylinux_2_17_aarch64.manylinux2014_aarch64.whl", hash = "sha256:028c5a8f39f491e374d9d3d73d7d1767097a960437a01dda112bdd37767ca9c0"},
    {file = "cryptg-0.5.0.post0-cp310-cp310-manylinux_2_17_x86_64.manylinux2014_x86_64.whl", hash = "sha256:5e30ee45b6dfdd6cc5293bf74f163449c72887012d881780cf77aa712e5165b3"},
    {file = "cryptg-0.5.0.post0-cp310-cp310-manylinux_2_5_i686.manylinux1_i686.manylinux_2_17_i686.manylinux2014_i686.whl", hash = "sha256:7519deefe2df2851d1f4963443de2ba461c8272c98cbcc612a0a157fd2ad4840"},
    {file = "cryptg-0.5.0.post0-cp310-cp310-win32.whl", hash = "sha256:13b0734217d38eaa41f752570bc0b3689e69180e8e381b872542a24cf7cc6931"},
    {file = "cryptg-0.5.0.post0-cp310-cp310-win_amd64.whl", hash = "sha256:45997ddb2cba61c3c9eeb96acf2dd9d4546677858754f7562e8db09a0d31edea"},
    {file = "cryptg-0.5.0.post0-cp311-cp311-macosx_11_0_arm64.whl", hash = "sha256:d82293ea2515fe38300824fc075f5d4ec3e0fd3142a9ada1d88dae4f553eefec"},
    {file = "cryptg-0.5.0.post0-cp311-cp311-manylinux_2_17_aarch64.manylinux2014_aarch64.whl", hash = "sha256:c2c066b4a2ee4ed90298d557cac19db9c834bd7e4e8435a1e024393155b850bf"},
    {file = "cryptg-0.5.0.post0-cp311-cp311-manylinux_2_17_x86_64.manylinux2014_x86_64.whl", hash = "sha256:209cf9a499e9cdb91580c8a5f9a3b7e475514016352350aea3d0a58656d4c2fe"},
    {file = "cryptg-0.5.0.post0-cp311-cp311-manylinux_2_5_i686.manylinux1_i686.manylinux_2_17_i686.manylinux2014_i686.whl", hash = "sha256:f6e144749355ee2a3473a2c295f8178b58e8bbf127d45bbc670a30df0e44b27b"},
    {file = "cryptg-0.5.0.post0-cp311-cp311-win32.whl", hash = "sha256:2ea4ac6a1b8677c41b0df368be7779ed19b07ef033a290d35b0bf2d202a34ca9"},
    {file = "cryptg-0.5.0.post0-cp311-cp311-win_amd64.whl", hash = "sha256:882f12602db8d1021271a83275fb5b56bd6dbea22a6de086c26f4a22263d6c53"},
    {file = "cryptg-0.5.0.post0-cp312-cp312-macosx_11_0_arm64.whl", hash = "sha256:39795b25237da4ca6140cf4c2924807bfb683e528823ebbbae45b95f174ec903"},
    {file = "cryptg-0.5.0.post0-cp312-cp312-manylinux_2_17_aarch64.manylinux2014_aarch64.whl", hash = "sha256:84f6b6f623d894ff88429805b7a1670f43df7dd05a71edc2f3c7b34175182c99"},
    {file = "cryptg-0.5.0.post0-cp312-cp312-manylinux_2_17_x86_64.manylinux2014_x86_64.whl", hash = "sha256:9107b7daf308b453f00635f0491e4e658034925f19aa8d6623c73fe4e5764178"},
    {file = "cryptg-0.5.0.post0-cp312-cp312-manylinux_2_5_i686.manylinux1_i686.manylinux_2_17_i686.manylinux2014_i686.whl", hash = "sha256:96da29d91bab292a7f91c43e27367529b5e9e81c894ceea29055460d0fe86346"},
    {file = "cryptg-0.5.0.post0-cp312-cp312-win32.whl", hash = "sha256:2ff7f381746f0fcec3b8a25f5d39b9f7c84d7c59d5d27d5c4d53c6b2ba927a98"},
    {file = "cryptg-0.5.0.post0-cp312-cp312-win_amd64.whl", hash = "sha256:cef8ed1144e11b3fbb85c2bddac45a783fedec7e7a78980b195a9b217087c619"},
    {file = "cryptg-0.5.0.post0-cp313-cp313-macosx_11_0_arm64.whl", hash = "sha256:9dfc86e0a4b200585b0d0a0ab349738f22b8ff9d14621ed7b37a2a415b78c3a5"},
    {file = "cryptg-0.5.0.post0-cp313-cp313-manylinux_2_17_aarch64.manylinux2014_aarch64.whl", hash = "sha256:9abb52b4d6c275f7148acec5a712c9731280794cd46b4e0fae8c6428f7ba5858"},
    {file = "cryptg-0.5.0.post0-cp313-cp313-manylinux_2_17_x86_64.manylinux2014_x86_64.whl", hash = "sha256:852e88327fc0050c47a1973e0ca33ffb7211c3d739965bff923fc202aeda1567"},
    {file = "cryptg-0.5.0.post0-cp313-cp313-manylinux_2_5_i686.manylinux1_i686.manylinux_2_17_i686.manylinux2014_i686.whl", hash = "sha256:feb3dc38d1766470239c76ca2f5003d8233d3a179a342e8731d5c5c6c57c08c9"},
    {file = "cryptg-0.5.0.post0-cp313-cp313-win32.whl", hash = "sha256:2adfb6ddeb7be5678121e254b7d113e6f25923a8c9c41dff2b7c777eb6b318ff"},
    {file = "cryptg-0.5.0.post0-cp313-cp313-win_amd64.whl", hash = "sha256:e0666f1d4dc551c1cb86378b7adf4d927a1a79fafd9c25e88bda1de43e6d1f7b"},
    {file = "cryptg-0.5.0.post0-cp37-cp37m-manylinux_2_17_aarch64.manylinux2014_aarch64.whl", hash = "sha256:2b576af2135cc8238cd0a9fc1fe80b0b67b39e80ebd94d34235d1fc0da406ee1"},
    {file = "cryptg-0.5.0.post0-cp37-cp37m-manylinux_2_17_x86_64.manylinux2014_x86_64.whl", hash = "sha256:9595969e5e52885be4f0c7498891dbec462e0606924320f5cd229248758f1866"},
    {file = "cryptg-0.5.0.post0-cp37-cp37m-manylinux_2_5_i686.manylinux1_i686.manylinux_2_17_i686.manylinux2014_i686.whl", hash = "sha256:896e327143e103ce7690ac140e67492a890b0b4ec0d52d5db1701c5e140b52f1"},
    {file = "cryptg-0.5.0.post0-cp37-cp37m-win32.whl", hash = "sha256:0c93d1744b9bcc15244bf343a63c8248c78ba920129ecbbe08fb6b17c40b5797"},
    {file = "cryptg-0.5.0.post0-cp37-cp37m-win_amd64.whl", hash = "sha256:32c37eaeb26a5360735520c03f5a499b43c9d0787f2fb6f34fca7d5ad71789e2"},
    {file = "cryptg-0.5.0.post0-cp38-cp38-macosx_11_0_arm64.whl", hash = "sha256:3872fdf62cb5a977a5d4c2a76c808c7bea3559350f468e902c8da4b67a8375e7"},
    {file = "cryptg-0.5.0.post0-cp38-cp38-manylinux_2_17_aarch64.manylinux2014_aarch64.whl", hash = "sha256:99481f08c52a5d5f3bc5889d45cf75b9c69ed15c537f369ffe77ca5c365fdab0"},
    {file = "cryptg-0.5.0.post0-cp38-cp38-manylinux_2_17_x86_64.manylinux2014_x86_64.whl", hash = "sha256:eb525eb3e2af680c66e82a73256e54f50c7fd5dd648555e350451a3661c8944d"},
    {file = "cryptg-0.5.0.post0-cp38-cp38-manylinux_2_5_i686.manylinux1_i686.manylinux_2_17_i686.manylinux2014_i686.whl", hash = "sha256:1278f2e6a9f349d9a6bbdfd900dd0784a07bc182f05de694628bec18077b922d"},
    {file = "cryptg-0.5.0.post0-cp38-cp38-win32.whl", hash = "sha256:cad91aafaa06468237eeb03004ff4b0664e4f69cfb473f6159707c23b08198c4"},
    {file = "cryptg-0.5.0.post0-cp38-cp38-win_amd64.whl", hash = "sha256:b6dd75e7ec26fdc9747ad6d4ca1aba6ad366b8c246976714e499a58d8e52f03a"},
    {file = "cryptg-0.5.0.post0-cp39-cp39-macosx_11_0_arm64.whl", hash = "sha256:d9965ecb7e981bd3a5c4f7ead90007acae21622f73f9cc71df8fdb43f9fce5a4"},
    {file = "cryptg-0.5.0.post0-cp39-cp39-manylinux_2_17_aarch64.manylinux2014_aarch64.whl", hash = "sha256:a5f61d0bf0ce197c6d96e8abe9e810de206bf010e41b645d4b06bd416108de47"},
    {file = "cryptg-0.5.0.post0-cp39-cp39-manylinux_2_17_x86_64.manylinux2014_x86_64.whl", hash = "sha256:b589c0e3d45ff3fcfd357d31be05669aa5735c912e4f93d26b34dd6e86f878a3"},
    {file = "cryptg-0.5.0.post0-cp39-cp39-manylinux_2_5_i686.manylinux1_i686.manylinux_2_17_i686.manylinux2014_i686.whl", hash = "sha256:cb72af3ba1b8e9f39c8990a32c355b9fd7f26ee6b377303bba240f857ff6478d"},
    {file = "cryptg-0.5.0.post0-cp39-cp39-win32.whl", hash = "sha256:1baeff7a8a208998d4f8512833586199058310e058f301834ceec621cbf4618a"},
    {file = "cryptg-0.5.0.post0-cp39-cp39-win_amd64.whl", hash = "sha256:5d3505c47b1e65775802b28f103b352ef9f6140d3e1004bb8afa5c2a09675f3e"},
    {file = "cryptg-0.5.0.post0-pp310-pypy310_pp73-macosx_11_0_arm64.whl", hash = "sha256:5451cf4a0ec7535a3cef10789b8e40ccd17dff90afd65627df56307dd00a1bf1"},
    {file = "cryptg-0.5.0.post0-pp310-pypy310_pp73-manylinux_2_17_aarch64.manylinux2014_aarch64.whl", hash = "sha256:6795041b09f68e11050921599be33868b0d9ebb47cb84443392dd847516659f3"},
    {file = "cryptg-0.5.0.post0-pp310-pypy310_pp73-manylinux_2_17_x86_64.manylinux2014_x86_64.whl", hash = "sha256:1105e5035a28eba4878ff937032b873af66606c0a5bf2deadee0216f0aef067d"},
    {file = "cryptg-0.5.0.post0-pp310-pypy310_pp73-manylinux_2_5_i686.manylinux1_i686.manylinux_2_17_i686.manylinux2014_i686.whl", hash = "sha256:cd3b8b790dca04ad9cc755383cd563f032027271d9bd763f9486ec527daa909e"},
    {file = "cryptg-0.5.0.post0-pp310-pypy310_pp73-win_amd64.whl", hash = "sha256:cb7d27457634179fa3c1f8b20d70a81b6fa05e21e695c7c65b3c6dbaf72a247c"},
    {file = "cryptg-0.5.0.post0-pp37-pypy37_pp73-manylinux_2_17_aarch64.manylinux2014_aarch64.whl", hash = "sha256:a37317f617dc4c1e0b0b042712948b2c817703e8e9334da3a9e5f24c31fbfc32"},
    {file = "cryptg-0.5.0.post0-pp37-pypy37_pp73-manylinux_2_17_x86_64.manylinux2014_x86_64.whl", hash = "sha256:7284e58ad588413e50bc66e29f6441734af5cdbf21504ee3ba2dea079b9fbc86"},
    {file = "cryptg-0.5.0.post0-pp37-pypy37_pp73-manylinux_2_5_i686.manylinux1_i686.manylinux_2_17_i686.manylinux2014_i686.whl", hash = "sha256:ec43094134043a594e1e19036749608c788c3b21bbf5a56f76a723ea2facc865"},
    {file = "cryptg-0.5.0.post0-pp37-pypy37_pp73-win_amd64.whl", hash = "sha256:cb8eb05d872291db96317c332adfe86350c0ce06c1ca6704133bdcef95e383fd"},
    {file = "cryptg-0.5.0.post0-pp38-pypy38_pp73-macosx_11_0_arm64.whl", hash = "sha256:caec1871de5798f504a62bfb004f2060e60ea4edad636a298f176335e0976ffc"},
    {file = "cryptg-0.5.0.post0-pp38-pypy38_pp73-manylinux_2_17_aarch64.manylinux2014_aarch64.whl", hash = "sha256:277985cefe02e0bd027316ee2daacff29387af6b930c44bd1e1ffba37ddc1c8d"},
    {file = "cryptg-0.5.0.post0-pp38-pypy38_pp73-manylinux_2_17_x86_64.manylinux2014_x86_64.whl", hash = "sha256:0d53a9fea1c6331418a60b9a93db3d6dac5e54fa10f1d4b8f8b77107c58bbaaa"},
    {file = "cryptg-0.5.0.post0-pp38-pypy38_pp73-manylinux_2_5_i686.manylinux1_i686.manylinux_2_17_i686.manylinux2014_i686.whl", hash = "sha256:ecf7b9be44d9edb50e3ae5a4afb3caa952c707c62b327772abacfacf72b50c76"},
    {file = "cryptg-0.5.0.post0-pp38-pypy38_pp73-win_amd64.whl", hash = "sha256:fc270c303989ddfbb961bac0aa84a98eb57de2e1462089a003ad14f375d1b72d"},
    {file = "cryptg-0.5.0.post0-pp39-pypy39_pp73-macosx_11_0_arm64.whl", hash = "sha256:f417cd83bc39b62c0183bfd87d1f47487eb0380dfecc4227aa0f262710e28ecc"},
    {file = "cryptg-0.5.0.post0-pp39-pypy39_pp73-manylinux_2_17_aarch64.manylinux2014_aarch64.whl", hash = "sha256:70a751732f55e611106561c8db74c0de77e22bfe5d7f7b902bb0f0bf783a42e7"},
    {file = "cryptg-0.5.0.post0-pp39-pypy39_pp73-manylinux_2_17_x86_64.manylinux2014_x86_64.whl", hash = "sha256:c9ebd0e32d67d835b306d076e39b68b05dc178d7723a35397550af24eb87d280"},
    {file = "cryptg-0.5.0.post0-pp39-pypy39_pp73-manylinux_2_5_i686.manylinux1_i686.manylinux_2_17_i686.manylinux2014_i686.whl", hash = "sha256:ec12886a4131aab2b23b434cbec5e8ad88faf8824421f4070b808e2123a1c102"},
    {file = "cryptg-0.5.0.post0-pp39-pypy39_pp73-win_amd64.whl", hash = "sha256:0b4a03a838843d7980bd3a476d3e594883f41ab510da65f34e0d37b35025199c"},
    {file = "cryptg-0.5.0.post0.tar.gz", hash = "sha256:be5b36e662a73c9b2f1e02e4f0d71b0f97870e514e924d5988d7253a780e3a7b"},
]

[[package]]
name = "mypy"
version = "1.15.0"
description = "Optional static typing for Python"
optional = false
python-versions = ">=3.9"
groups = ["dev"]
files = [
    {file = "mypy-1.15.0-cp310-cp310-macosx_10_9_x86_64.whl", hash = "sha256:979e4e1a006511dacf628e36fadfecbcc0160a8af6ca7dad2f5025529e082c13"},
    {file = "mypy-1.15.0-cp310-cp310-macosx_11_0_arm64.whl", hash = "sha256:c4bb0e1bd29f7d34efcccd71cf733580191e9a264a2202b0239da95984c5b559"},
    {file = "mypy-1.15.0-cp310-cp310-manylinux_2_17_aarch64.manylinux2014_aarch64.manylinux_2_28_aarch64.whl", hash = "sha256:be68172e9fd9ad8fb876c6389f16d1c1b5f100ffa779f77b1fb2176fcc9ab95b"},
    {file = "mypy-1.15.0-cp310-cp310-manylinux_2_17_x86_64.manylinux2014_x86_64.manylinux_2_28_x86_64.whl", hash = "sha256:c7be1e46525adfa0d97681432ee9fcd61a3964c2446795714699a998d193f1a3"},
    {file = "mypy-1.15.0-cp310-cp310-musllinux_1_2_x86_64.whl", hash = "sha256:2e2c2e6d3593f6451b18588848e66260ff62ccca522dd231cd4dd59b0160668b"},
    {file = "mypy-1.15.0-cp310-cp310-win_amd64.whl", hash = "sha256:6983aae8b2f653e098edb77f893f7b6aca69f6cffb19b2cc7443f23cce5f4828"},
    {file = "mypy-1.15.0-cp311-cp311-macosx_10_9_x86_64.whl", hash = "sha256:2922d42e16d6de288022e5ca321cd0618b238cfc5570e0263e5ba0a77dbef56f"},
    {file = "mypy-1.15.0-cp311-cp311-macosx_11_0_arm64.whl", hash = "sha256:2ee2d57e01a7c35de00f4634ba1bbf015185b219e4dc5909e281016df43f5ee5"},
    {file = "mypy-1.15.0-cp311-cp311-manylinux_2_17_aarch64.manylinux2014_aarch64.manylinux_2_28_aarch64.whl", hash = "sha256:973500e0774b85d9689715feeffcc980193086551110fd678ebe1f4342fb7c5e"},
    {file = "mypy-1.15.0-cp311-cp311-manylinux_2_17_x86_64.manylinux2014_x86_64.manylinux_2_28_x86_64.whl", hash = "sha256:5a95fb17c13e29d2d5195869262f8125dfdb5c134dc8d9a9d0aecf7525b10c2c"},
    {file = "mypy-1.15.0-cp311-cp311-musllinux_1_2_x86_64.whl", hash = "sha256:1905f494bfd7d85a23a88c5d97840888a7bd516545fc5aaedff0267e0bb54e2f"},
    {file = "mypy-1.15.0-cp311-cp311-win_amd64.whl", hash = "sha256:c9817fa23833ff189db061e6d2eff49b2f3b6ed9856b4a0a73046e41932d744f"},
    {file = "mypy-1.15.0-cp312-cp312-macosx_10_13_x86_64.whl", hash = "sha256:aea39e0583d05124836ea645f412e88a5c7d0fd77a6d694b60d9b6b2d9f184fd"},
    {file = "mypy-1.15.0-cp312-cp312-macosx_11_0_arm64.whl", hash = "sha256:2f2147ab812b75e5b5499b01ade1f4a81489a147c01585cda36019102538615f"},
    {file = "mypy-1.15.0-cp312-cp312-manylinux_2_17_aarch64.manylinux2014_aarch64.manylinux_2_28_aarch64.whl", hash = "sha256:ce436f4c6d218a070048ed6a44c0bbb10cd2cc5e272b29e7845f6a2f57ee4464"},
    {file = "mypy-1.15.0-cp312-cp312-manylinux_2_17_x86_64.manylinux2014_x86_64.manylinux_2_28_x86_64.whl", hash = "sha256:8023ff13985661b50a5928fc7a5ca15f3d1affb41e5f0a9952cb68ef090b31ee"},
    {file = "mypy-1.15.0-cp312-cp312-musllinux_1_2_x86_64.whl", hash = "sha256:1124a18bc11a6a62887e3e137f37f53fbae476dc36c185d549d4f837a2a6a14e"},
    {file = "mypy-1.15.0-cp312-cp312-win_amd64.whl", hash = "sha256:171a9ca9a40cd1843abeca0e405bc1940cd9b305eaeea2dda769ba096932bb22"},
    {file = "mypy-1.15.0-cp313-cp313-macosx_10_13_x86_64.whl", hash = "sha256:93faf3fdb04768d44bf28693293f3904bbb555d076b781ad2530214ee53e3445"},
    {file = "mypy-1.15.0-cp313-cp313-macosx_11_0_arm64.whl", hash = "sha256:811aeccadfb730024c5d3e326b2fbe9249bb7413553f15499a4050f7c30e801d"},
    {file = "mypy-1.15.0-cp313-cp313-manylinux_2_17_aarch64.manylinux2014_aarch64.manylinux_2_28_aarch64.whl", hash = "sha256:98b7b9b9aedb65fe628c62a6dc57f6d5088ef2dfca37903a7d9ee374d03acca5"},
    {file = "mypy-1.15.0-cp313-cp313-manylinux_2_17_x86_64.manylinux2014_x86_64.manylinux_2_28_x86_64.whl", hash = "sha256:c43a7682e24b4f576d93072216bf56eeff70d9140241f9edec0c104d0c515036"},
    {file = "mypy-1.15.0-cp313-cp313-musllinux_1_2_x86_64.whl", hash = "sha256:baefc32840a9f00babd83251560e0ae1573e2f9d1b067719479bfb0e987c6357"},
    {file = "mypy-1.15.0-cp313-cp313-win_amd64.whl", hash = "sha256:b9378e2c00146c44793c98b8d5a61039a048e31f429fb0eb546d93f4b000bedf"},
    {file = "mypy-1.15.0-cp39-cp39-macosx_10_9_x86_64.whl", hash = "sha256:e601a7fa172c2131bff456bb3ee08a88360760d0d2f8cbd7a75a65497e2df078"},
    {file = "mypy-1.15.0-cp39-cp39-macosx_11_0_arm64.whl", hash = "sha256:712e962a6357634fef20412699a3655c610110e01cdaa6180acec7fc9f8513ba"},
    {file = "mypy-1.15.0-cp39-cp39-manylinux_2_17_aarch64.manylinux2014_aarch64.manylinux_2_28_aarch64.whl", hash = "sha256:f95579473af29ab73a10bada2f9722856792a36ec5af5399b653aa28360290a5"},
    {file = "mypy-1.15.0-cp39-cp39-manylinux_2_17_x86_64.manylinux2014_x86_64.manylinux_2_28_x86_64.whl", hash = "sha256:8f8722560a14cde92fdb1e31597760dc35f9f5524cce17836c0d22841830fd5b"},
    {file = "mypy-1.15.0-cp39-cp39-musllinux_1_2_x86_64.whl", hash = "sha256:1fbb8da62dc352133d7d7ca90ed2fb0e9d42bb1a32724c287d3c76c58cbaa9c2"},
    {file = "mypy-1.15.0-cp39-cp39-win_amd64.whl", hash = "sha256:d10d994b41fb3497719bbf866f227b3489048ea4bbbb5015357db306249f7980"},
    {file = "mypy-1.15.0-py3-none-any.whl", hash = "sha256:5469affef548bd1895d86d3bf10ce2b44e33d86923c29e4d675b3e323437ea3e"},
    {file = "mypy-1.15.0.tar.gz", hash = "sha256:404534629d51d3efea5c800ee7c42b72a6554d6c400e6a79eafe15d11341fd43"},
]

[package.dependencies]
mypy_extensions = ">=1.0.0"
typing_extensions = ">=4.6.0"

[package.extras]
dmypy = ["psutil (>=4.0)"]
faster-cache = ["orjson"]
install-types = ["pip"]
mypyc = ["setuptools (>=50)"]
reports = ["lxml"]

[[package]]
name = "mypy-extensions"
version = "1.0.0"
description = "Type system extensions for programs checked with the mypy type checker."
optional = false
python-versions = ">=3.5"
groups = ["dev"]
files = [
    {file = "mypy_extensions-1.0.0-py3-none-any.whl", hash = "sha256:4392f6c0eb8a5668a69e23d168ffa70f0be9ccfd32b5cc2d26a34ae5b844552d"},
    {file = "mypy_extensions-1.0.0.tar.gz", hash = "sha256:75dbf8955dc00442a438fc4d0666508a9a97b6bd41aa2f0ffe9d2f2725af0782"},
]

[[package]]
name = "pyaes"
version = "1.6.1"
description = "Pure-Python Implementation of the AES block-cipher and common modes of operation"
optional = false
python-versions = "*"
groups = ["main"]
files = [
    {file = "pyaes-1.6.1.tar.gz", hash = "sha256:02c1b1405c38d3c370b085fb952dd8bea3fadcee6411ad99f312cc129c536d8f"},
]

[[package]]
name = "pyasn1"
version = "0.6.1"
description = "Pure-Python implementation of ASN.1 types and DER/BER/CER codecs (X.208)"
optional = false
python-versions = ">=3.8"
groups = ["main"]
files = [
    {file = "pyasn1-0.6.1-py3-none-any.whl", hash = "sha256:0d632f46f2ba09143da3a8afe9e33fb6f92fa2320ab7e886e2d0f7672af84629"},
    {file = "pyasn1-0.6.1.tar.gz", hash = "sha256:6f580d2bdd84365380830acf45550f2511469f673cb4a5ae3857a3170128b034"},
]

[[package]]
name = "rsa"
version = "4.2"
description = "Pure-Python RSA implementation"
optional = false
python-versions = "*"
groups = ["main"]
files = [
    {file = "rsa-4.2.tar.gz", hash = "sha256:aaefa4b84752e3e99bd8333a2e1e3e7a7da64614042bd66f775573424370108a"},
]

[package.dependencies]
pyasn1 = ">=0.1.3"

[[package]]
name = "telethon"
version = "1.39.0"
description = "Full-featured Telegram client library for Python 3"
optional = false
python-versions = ">=3.5"
groups = ["main"]
files = [
    {file = "Telethon-1.39.0-py3-none-any.whl", hash = "sha256:aa9f394b94be144799a6f6a93ab463867bc7c63503ede9631751940a98f6c703"},
    {file = "telethon-1.39.0.tar.gz", hash = "sha256:35d4795d8c91deac515fb0bcb3723866b924de1c724e1d5c230460e96f284a63"},
]

[package.dependencies]
pyaes = "*"
rsa = "*"

[package.extras]
cryptg = ["cryptg"]

[[package]]
name = "typing-extensions"
version = "4.13.0"
description = "Backported and Experimental Type Hints for Python 3.8+"
optional = false
python-versions = ">=3.8"
groups = ["dev"]
files = [
    {file = "typing_extensions-4.13.0-py3-none-any.whl", hash = "sha256:c8dd92cc0d6425a97c18fbb9d1954e5ff92c1ca881a309c45f06ebc0b79058e5"},
    {file = "typing_extensions-4.13.0.tar.gz", hash = "sha256:0a4ac55a5820789d87e297727d229866c9650f6521b64206413c4fbada24d95b"},
]

[metadata]
lock-version = "2.1"
python-versions = ">=3.11"
content-hash = "182bb2ac6c9a9f33ffc7c441d40daff4dfe6552b68389e737196580957cae49d"
