{
  "version": "5",
  "specifiers": {
    "jsr:@mtkruto/mtkruto@~0.72.1": "0.72.1",
    "jsr:@roj/tgcrypto@1.0.1": "1.0.1",
    "jsr:@std/assert@1": "1.0.15",
    "jsr:@std/assert@1.0.13": "1.0.13",
    "jsr:@std/assert@1.0.14": "1.0.14",
    "jsr:@std/async@1.0.14": "1.0.14",
    "jsr:@std/bytes@1.0.6": "1.0.6",
    "jsr:@std/bytes@^1.0.6": "1.0.6",
    "jsr:@std/cache@0.2.0": "0.2.0",
    "jsr:@std/datetime@0.225.5": "0.225.5",
    "jsr:@std/encoding@1.0.7": "1.0.7",
    "jsr:@std/internal@^1.0.10": "1.0.12",
    "jsr:@std/internal@^1.0.12": "1.0.12",
    "jsr:@std/io@0.225.2": "0.225.2",
    "jsr:@std/media-types@1.1.0": "1.1.0",
    "jsr:@std/path@1.1.2": "1.1.2",
    "jsr:@std/streams@1.0.12": "1.0.12",
    "npm:envalid@8": "8.1.0"
  },
  "jsr": {
    "@mtkruto/mtkruto@0.72.1": {
      "integrity": "fd310f2851f1ae3dc17654c4db33d49868fcae18608150fb54acbd14bcdfcaf3",
      "dependencies": [
        "jsr:@roj/tgcrypto",
        "jsr:@std/assert@1.0.13",
        "jsr:@std/assert@1.0.14",
        "jsr:@std/async",
        "jsr:@std/bytes@1.0.6",
        "jsr:@std/cache",
        "jsr:@std/datetime",
        "jsr:@std/encoding",
        "jsr:@std/io",
        "jsr:@std/media-types",
        "jsr:@std/path",
        "jsr:@std/streams"
      ]
    },
    "@roj/tgcrypto@1.0.1": {
      "integrity": "ee3854f13fc49723fd0a1244ae1949e6835468df6725bd35a1da3d6ceab24dc0"
    },
    "@std/assert@1.0.13": {
      "integrity": "ae0d31e41919b12c656c742b22522c32fb26ed0cba32975cb0de2a273cb68b29"
    },
    "@std/assert@1.0.14": {
      "integrity": "68d0d4a43b365abc927f45a9b85c639ea18a9fab96ad92281e493e4ed84abaa4",
      "dependencies": [
        "jsr:@std/internal@^1.0.10"
      ]
    },
    "@std/assert@1.0.15": {
      "integrity": "d64018e951dbdfab9777335ecdb000c0b4e3df036984083be219ce5941e4703b",
      "dependencies": [
        "jsr:@std/internal@^1.0.12"
      ]
    },
    "@std/async@1.0.14": {
      "integrity": "62e954a418652c704d37563a3e54a37d4cf0268a9dcaeac1660cc652880b5326"
    },
    "@std/bytes@1.0.6": {
      "integrity": "f6ac6adbd8ccd99314045f5703e23af0a68d7f7e58364b47d2c7f408aeb5820a"
    },
    "@std/cache@0.2.0": {
      "integrity": "63a2ccd5a9e7c03e430f7d34dfcfd0d0cfc90731a1eaf8208f4c66e418fc3035"
    },
    "@std/datetime@0.225.5": {
      "integrity": "9f650f6caec546b80172e95a4edb8478d5fe060c4c937f7ede242ffceab6efc9"
    },
    "@std/encoding@1.0.7": {
      "integrity": "f631247c1698fef289f2de9e2a33d571e46133b38d042905e3eac3715030a82d"
    },
    "@std/internal@1.0.12": {
      "integrity": "972a634fd5bc34b242024402972cd5143eac68d8dffaca5eaa4dba30ce17b027"
    },
    "@std/io@0.225.2": {
      "integrity": "3c740cd4ee4c082e6cfc86458f47e2ab7cb353dc6234d5e9b1f91a2de5f4d6c7"
    },
    "@std/media-types@1.1.0": {
      "integrity": "c9d093f0c05c3512932b330e3cc1fe1d627b301db33a4c2c2185c02471d6eaa4"
    },
    "@std/path@1.1.2": {
      "integrity": "c0b13b97dfe06546d5e16bf3966b1cadf92e1cc83e56ba5476ad8b498d9e3038",
      "dependencies": [
        "jsr:@std/internal@^1.0.10"
      ]
    },
    "@std/streams@1.0.12": {
      "integrity": "ae925fa1dc459b1abf5cbaa28cc5c7b0485853af3b2a384b0dc22d86e59dfbf4",
      "dependencies": [
        "jsr:@std/bytes@^1.0.6"
      ]
    }
  },
  "npm": {
    "envalid@8.1.0": {
      "integrity": "sha512-OT6+qVhKVyCidaGoXflb2iK1tC8pd0OV2Q+v9n33wNhUJ+lus+rJobUj4vJaQBPxPZ0vYrPGuxdrenyCAIJcow==",
      "dependencies": [
        "tslib"
      ]
    },
    "tslib@2.8.1": {
      "integrity": "sha512-oJFu94HQb+KVduSUQL7wnpmqnfmLsOA/nAh6b6EH0wCEoK0/mPeXU6c3wKDV83MkOuHPRHtSXKKU99IBazS/2w=="
    }
  },
  "workspace": {
    "dependencies": [
      "jsr:@mtkruto/mtkruto@~0.72.1",
      "jsr:@std/assert@1",
      "npm:envalid@8"
    ]
  }
}
