github.com/AshokShau/gotdbot v0.9.3 h1:xR8tFFBfIVQ/D3ZNh5WOLHM9NdvJVaKN6lN79K4Z9Y4=
github.com/AshokShau/gotdbot v0.9.3/go.mod h1:oaHOeC6pZoNp6Xp/jWRFw1yUif3/ASG2cxy6y/EMr3o=
github.com/ebitengine/purego v0.10.1 h1:dewVBCBT2GaMu1SrNTYxQhgQBethzfhiwvZiLGP/qyY=
github.com/ebitengine/purego v0.10.1/go.mod h1:iIjxzd6CiRiOG0UyXP+V1+jWqUXVjPKLAI0mRfJZTmQ=
