# This file is automatically @generated by Poetry 2.4.1 and should not be changed by hand.

[[package]]
name = "aiosqlite"
version = "0.22.1"
description = "asyncio bridge to the standard sqlite3 module"
optional = false
python-versions = ">=3.9"
groups = ["main"]
files = [
    {file = "aiosqlite-0.22.1-py3-none-any.whl", hash = "sha256:21c002eb13823fad740196c5a2e9d8e62f6243bd9e7e4a1f87fb5e44ecb4fceb"},
    {file = "aiosqlite-0.22.1.tar.gz", hash = "sha256:043e0bd78d32888c0a9ca90fc788b38796843360c855a7262a532813133a0650"},
]

[package.extras]
dev = ["attribution (==1.8.0)", "black (==25.11.0)", "build (>=1.2)", "coverage[toml] (==7.10.7)", "flake8 (==7.3.0)", "flake8-bugbear (==24.12.12)", "flit (==3.12.0)", "mypy (==1.19.0)", "ufmt (==2.8.0)", "usort (==1.0.8.post1)"]
docs = ["sphinx (==8.1.3)", "sphinx-mdinclude (==0.6.2)"]

[[package]]
name = "pysocks"
version = "1.7.1"
description = "A Python SOCKS client module. See https://github.com/Anorov/PySocks for more information."
optional = false
python-versions = ">=2.7, !=3.0.*, !=3.1.*, !=3.2.*, !=3.3.*"
groups = ["main"]
files = [
    {file = "PySocks-1.7.1-py27-none-any.whl", hash = "sha256:08e69f092cc6dbe92a0fdd16eeb9b9ffbc13cadfe5ca4c7bd92ffb078b293299"},
    {file = "PySocks-1.7.1-py3-none-any.whl", hash = "sha256:2725bd0a9925919b9b51739eea5f9e2bae91e83288108a9ad338b2e3a4435ee5"},
    {file = "PySocks-1.7.1.tar.gz", hash = "sha256:3f8804571ebe159c380ac6de37643bb4685970655d3bba243530d6558b799aa0"},
]

[[package]]
name = "uvloop"
version = "0.22.1"
description = "Fast implementation of asyncio event loop on top of libuv"
optional = false
python-versions = ">=3.8.1"
groups = ["main"]
markers = "sys_platform == \"darwin\" or sys_platform == \"linux\""
files = [
    {file = "uvloop-0.22.1-cp310-cp310-macosx_10_9_universal2.whl", hash = "sha256:ef6f0d4cc8a9fa1f6a910230cd53545d9a14479311e87e3cb225495952eb672c"},
    {file = "uvloop-0.22.1-cp310-cp310-macosx_10_9_x86_64.whl", hash = "sha256:7cd375a12b71d33d46af85a3343b35d98e8116134ba404bd657b3b1d15988792"},
    {file = "uvloop-0.22.1-cp310-cp310-manylinux2014_aarch64.manylinux_2_17_aarch64.manylinux_2_28_aarch64.whl", hash = "sha256:ac33ed96229b7790eb729702751c0e93ac5bc3bcf52ae9eccbff30da09194b86"},
    {file = "uvloop-0.22.1-cp310-cp310-manylinux2014_x86_64.manylinux_2_17_x86_64.manylinux_2_28_x86_64.whl", hash = "sha256:481c990a7abe2c6f4fc3d98781cc9426ebd7f03a9aaa7eb03d3bfc68ac2a46bd"},
    {file = "uvloop-0.22.1-cp310-cp310-musllinux_1_2_aarch64.whl", hash = "sha256:a592b043a47ad17911add5fbd087c76716d7c9ccc1d64ec9249ceafd735f03c2"},
    {file = "uvloop-0.22.1-cp310-cp310-musllinux_1_2_x86_64.whl", hash = "sha256:1489cf791aa7b6e8c8be1c5a080bae3a672791fcb4e9e12249b05862a2ca9cec"},
    {file = "uvloop-0.22.1-cp311-cp311-macosx_10_9_universal2.whl", hash = "sha256:c60ebcd36f7b240b30788554b6f0782454826a0ed765d8430652621b5de674b9"},
    {file = "uvloop-0.22.1-cp311-cp311-macosx_10_9_x86_64.whl", hash = "sha256:3b7f102bf3cb1995cfeaee9321105e8f5da76fdb104cdad8986f85461a1b7b77"},
    {file = "uvloop-0.22.1-cp311-cp311-manylinux2014_aarch64.manylinux_2_17_aarch64.manylinux_2_28_aarch64.whl", hash = "sha256:53c85520781d84a4b8b230e24a5af5b0778efdb39142b424990ff1ef7c48ba21"},
    {file = "uvloop-0.22.1-cp311-cp311-manylinux2014_x86_64.manylinux_2_17_x86_64.manylinux_2_28_x86_64.whl", hash = "sha256:56a2d1fae65fd82197cb8c53c367310b3eabe1bbb9fb5a04d28e3e3520e4f702"},
    {file = "uvloop-0.22.1-cp311-cp311-musllinux_1_2_aarch64.whl", hash = "sha256:40631b049d5972c6755b06d0bfe8233b1bd9a8a6392d9d1c45c10b6f9e9b2733"},
    {file = "uvloop-0.22.1-cp311-cp311-musllinux_1_2_x86_64.whl", hash = "sha256:535cc37b3a04f6cd2c1ef65fa1d370c9a35b6695df735fcff5427323f2cd5473"},
    {file = "uvloop-0.22.1-cp312-cp312-macosx_10_13_universal2.whl", hash = "sha256:fe94b4564e865d968414598eea1a6de60adba0c040ba4ed05ac1300de402cd42"},
    {file = "uvloop-0.22.1-cp312-cp312-macosx_10_13_x86_64.whl", hash = "sha256:51eb9bd88391483410daad430813d982010f9c9c89512321f5b60e2cddbdddd6"},
    {file = "uvloop-0.22.1-cp312-cp312-manylinux2014_aarch64.manylinux_2_17_aarch64.manylinux_2_28_aarch64.whl", hash = "sha256:700e674a166ca5778255e0e1dc4e9d79ab2acc57b9171b79e65feba7184b3370"},
    {file = "uvloop-0.22.1-cp312-cp312-manylinux2014_x86_64.manylinux_2_17_x86_64.manylinux_2_28_x86_64.whl", hash = "sha256:7b5b1ac819a3f946d3b2ee07f09149578ae76066d70b44df3fa990add49a82e4"},
    {file = "uvloop-0.22.1-cp312-cp312-musllinux_1_2_aarch64.whl", hash = "sha256:e047cc068570bac9866237739607d1313b9253c3051ad84738cbb095be0537b2"},
    {file = "uvloop-0.22.1-cp312-cp312-musllinux_1_2_x86_64.whl", hash = "sha256:512fec6815e2dd45161054592441ef76c830eddaad55c8aa30952e6fe1ed07c0"},
    {file = "uvloop-0.22.1-cp313-cp313-macosx_10_13_universal2.whl", hash = "sha256:561577354eb94200d75aca23fbde86ee11be36b00e52a4eaf8f50fb0c86b7705"},
    {file = "uvloop-0.22.1-cp313-cp313-macosx_10_13_x86_64.whl", hash = "sha256:1cdf5192ab3e674ca26da2eada35b288d2fa49fdd0f357a19f0e7c4e7d5077c8"},
    {file = "uvloop-0.22.1-cp313-cp313-manylinux2014_aarch64.manylinux_2_17_aarch64.manylinux_2_28_aarch64.whl", hash = "sha256:6e2ea3d6190a2968f4a14a23019d3b16870dd2190cd69c8180f7c632d21de68d"},
    {file = "uvloop-0.22.1-cp313-cp313-manylinux2014_x86_64.manylinux_2_17_x86_64.manylinux_2_28_x86_64.whl", hash = "sha256:0530a5fbad9c9e4ee3f2b33b148c6a64d47bbad8000ea63704fa8260f4cf728e"},
    {file = "uvloop-0.22.1-cp313-cp313-musllinux_1_2_aarch64.whl", hash = "sha256:bc5ef13bbc10b5335792360623cc378d52d7e62c2de64660616478c32cd0598e"},
    {file = "uvloop-0.22.1-cp313-cp313-musllinux_1_2_x86_64.whl", hash = "sha256:1f38ec5e3f18c8a10ded09742f7fb8de0108796eb673f30ce7762ce1b8550cad"},
    {file = "uvloop-0.22.1-cp314-cp314-macosx_10_13_universal2.whl", hash = "sha256:3879b88423ec7e97cd4eba2a443aa26ed4e59b45e6b76aabf13fe2f27023a142"},
    {file = "uvloop-0.22.1-cp314-cp314-macosx_10_13_x86_64.whl", hash = "sha256:4baa86acedf1d62115c1dc6ad1e17134476688f08c6efd8a2ab076e815665c74"},
    {file = "uvloop-0.22.1-cp314-cp314-manylinux2014_aarch64.manylinux_2_17_aarch64.manylinux_2_28_aarch64.whl", hash = "sha256:297c27d8003520596236bdb2335e6b3f649480bd09e00d1e3a99144b691d2a35"},
    {file = "uvloop-0.22.1-cp314-cp314-manylinux2014_x86_64.manylinux_2_17_x86_64.manylinux_2_28_x86_64.whl", hash = "sha256:c1955d5a1dd43198244d47664a5858082a3239766a839b2102a269aaff7a4e25"},
    {file = "uvloop-0.22.1-cp314-cp314-musllinux_1_2_aarch64.whl", hash = "sha256:b31dc2fccbd42adc73bc4e7cdbae4fc5086cf378979e53ca5d0301838c5682c6"},
    {file = "uvloop-0.22.1-cp314-cp314-musllinux_1_2_x86_64.whl", hash = "sha256:93f617675b2d03af4e72a5333ef89450dfaa5321303ede6e67ba9c9d26878079"},
    {file = "uvloop-0.22.1-cp314-cp314t-macosx_10_13_universal2.whl", hash = "sha256:37554f70528f60cad66945b885eb01f1bb514f132d92b6eeed1c90fd54ed6289"},
    {file = "uvloop-0.22.1-cp314-cp314t-macosx_10_13_x86_64.whl", hash = "sha256:b76324e2dc033a0b2f435f33eb88ff9913c156ef78e153fb210e03c13da746b3"},
    {file = "uvloop-0.22.1-cp314-cp314t-manylinux2014_aarch64.manylinux_2_17_aarch64.manylinux_2_28_aarch64.whl", hash = "sha256:badb4d8e58ee08dad957002027830d5c3b06aea446a6a3744483c2b3b745345c"},
    {file = "uvloop-0.22.1-cp314-cp314t-manylinux2014_x86_64.manylinux_2_17_x86_64.manylinux_2_28_x86_64.whl", hash = "sha256:b91328c72635f6f9e0282e4a57da7470c7350ab1c9f48546c0f2866205349d21"},
    {file = "uvloop-0.22.1-cp314-cp314t-musllinux_1_2_aarch64.whl", hash = "sha256:daf620c2995d193449393d6c62131b3fbd40a63bf7b307a1527856ace637fe88"},
    {file = "uvloop-0.22.1-cp314-cp314t-musllinux_1_2_x86_64.whl", hash = "sha256:6cde23eeda1a25c75b2e07d39970f3374105d5eafbaab2a4482be82f272d5a5e"},
    {file = "uvloop-0.22.1-cp38-cp38-macosx_10_9_universal2.whl", hash = "sha256:80eee091fe128e425177fbd82f8635769e2f32ec9daf6468286ec57ec0313efa"},
    {file = "uvloop-0.22.1-cp38-cp38-macosx_10_9_x86_64.whl", hash = "sha256:017bd46f9e7b78e81606329d07141d3da446f8798c6baeec124260e22c262772"},
    {file = "uvloop-0.22.1-cp38-cp38-manylinux2014_aarch64.manylinux_2_17_aarch64.manylinux_2_28_aarch64.whl", hash = "sha256:c3e5c6727a57cb6558592a95019e504f605d1c54eb86463ee9f7a2dbd411c820"},
    {file = "uvloop-0.22.1-cp38-cp38-manylinux2014_x86_64.manylinux_2_17_x86_64.manylinux_2_28_x86_64.whl", hash = "sha256:57df59d8b48feb0e613d9b1f5e57b7532e97cbaf0d61f7aa9aa32221e84bc4b6"},
    {file = "uvloop-0.22.1-cp38-cp38-musllinux_1_2_aarch64.whl", hash = "sha256:55502bc2c653ed2e9692e8c55cb95b397d33f9f2911e929dc97c4d6b26d04242"},
    {file = "uvloop-0.22.1-cp38-cp38-musllinux_1_2_x86_64.whl", hash = "sha256:4a968a72422a097b09042d5fa2c5c590251ad484acf910a651b4b620acd7f193"},
    {file = "uvloop-0.22.1-cp39-cp39-macosx_10_9_universal2.whl", hash = "sha256:b45649628d816c030dba3c80f8e2689bab1c89518ed10d426036cdc47874dfc4"},
    {file = "uvloop-0.22.1-cp39-cp39-macosx_10_9_x86_64.whl", hash = "sha256:ea721dd3203b809039fcc2983f14608dae82b212288b346e0bfe46ec2fab0b7c"},
    {file = "uvloop-0.22.1-cp39-cp39-manylinux2014_aarch64.manylinux_2_17_aarch64.manylinux_2_28_aarch64.whl", hash = "sha256:0ae676de143db2b2f60a9696d7eca5bb9d0dd6cc3ac3dad59a8ae7e95f9e1b54"},
    {file = "uvloop-0.22.1-cp39-cp39-manylinux2014_x86_64.manylinux_2_17_x86_64.manylinux_2_28_x86_64.whl", hash = "sha256:17d4e97258b0172dfa107b89aa1eeba3016f4b1974ce85ca3ef6a66b35cbf659"},
    {file = "uvloop-0.22.1-cp39-cp39-musllinux_1_2_aarch64.whl", hash = "sha256:05e4b5f86e621cf3927631789999e697e58f0d2d32675b67d9ca9eb0bca55743"},
    {file = "uvloop-0.22.1-cp39-cp39-musllinux_1_2_x86_64.whl", hash = "sha256:286322a90bea1f9422a470d5d2ad82d38080be0a29c4dd9b3e6384320a4d11e7"},
    {file = "uvloop-0.22.1.tar.gz", hash = "sha256:6c84bae345b9147082b17371e3dd5d42775bddce91f885499017f4607fdaf39f"},
]

[package.extras]
dev = ["Cython (>=3.0,<4.0)", "setuptools (>=60)"]
docs = ["Sphinx (>=4.1.2,<4.2.0)", "sphinx_rtd_theme (>=0.5.2,<0.6.0)", "sphinxcontrib-asyncio (>=0.3.0,<0.4.0)"]
test = ["aiohttp (>=3.10.5)", "flake8 (>=6.1,<7.0)", "mypy (>=0.800)", "psutil", "pyOpenSSL (>=25.3.0,<25.4.0)", "pycodestyle (>=2.11.0,<2.12.0)"]

[[package]]
name = "warpcrypto"
version = "2.0.5"
description = "Fast and Portable Cryptography Extension Library (Rust)"
optional = false
python-versions = ">=3.8"
groups = ["main"]
files = [
    {file = "warpcrypto-2.0.5-cp310-cp310-macosx_11_0_arm64.whl", hash = "sha256:58e2231af5781c8dd4c9dfd20af174e29e0493494971e85c7d2dfa4fb1d2a4c5"},
    {file = "warpcrypto-2.0.5-cp310-cp310-manylinux_2_34_aarch64.whl", hash = "sha256:f72c29a3082ecfde86980766a08f9ce6e311c0e64ea233391f687b5bba2d884b"},
    {file = "warpcrypto-2.0.5-cp310-cp310-manylinux_2_34_x86_64.whl", hash = "sha256:4ee9459617ffa71cf428f84fd293ce02e9c93f80efaf350e99a9f1afa0d2415b"},
    {file = "warpcrypto-2.0.5-cp310-cp310-win_amd64.whl", hash = "sha256:0517556d6be954708b7fd0f31a04eff09530ab7bd7c84ee222793528f5c63559"},
    {file = "warpcrypto-2.0.5-cp311-cp311-macosx_11_0_arm64.whl", hash = "sha256:3a40a1de654b29e03d5b93b79fffc40cc40f58911d5ef2f5caed056f5360e50c"},
    {file = "warpcrypto-2.0.5-cp311-cp311-manylinux_2_34_aarch64.whl", hash = "sha256:210ed53c30643064e3bb3cbf7dc1ddb10c11b837f2edc71a3730e52e69f2ef2f"},
    {file = "warpcrypto-2.0.5-cp311-cp311-manylinux_2_34_x86_64.whl", hash = "sha256:bdc9f94e35434b1d1df04c99b57b713e5ce192d7619e603786d3b3364982071f"},
    {file = "warpcrypto-2.0.5-cp311-cp311-win_amd64.whl", hash = "sha256:ab67a465b3c1b85d11b4cf8d4ae6890e0f6b192aa5a07c9b9add1fb4eeaee8b3"},
    {file = "warpcrypto-2.0.5-cp312-cp312-macosx_11_0_arm64.whl", hash = "sha256:373889483a6fb037701ee5cef4078babd6c7ebd2d7b4e886492bfbc3a9bd40d5"},
    {file = "warpcrypto-2.0.5-cp312-cp312-manylinux_2_34_aarch64.whl", hash = "sha256:5d1967f2052b83e12326bbfa0757eebc57fca34ddfbb0e7d0cfa57fdd98951bc"},
    {file = "warpcrypto-2.0.5-cp312-cp312-manylinux_2_34_x86_64.whl", hash = "sha256:b7fc88936d4f60c3dd5a006edb7f498eb18ab9208f399fd7f47c0c40db5a4cde"},
    {file = "warpcrypto-2.0.5-cp312-cp312-win_amd64.whl", hash = "sha256:02ebdd2a4bb49d02994b1b077813edc8e956c8ebfc844b097a29413a0f4d69a6"},
    {file = "warpcrypto-2.0.5-cp313-cp313-macosx_11_0_arm64.whl", hash = "sha256:a33f69721ebb8168e3031b279922890f22dae0dfbbb3639e1e494dc35da51385"},
    {file = "warpcrypto-2.0.5-cp313-cp313-manylinux_2_34_aarch64.whl", hash = "sha256:f72eba14782c65d110dd1757344368f378b712e7a0803407faf80660e01754bb"},
    {file = "warpcrypto-2.0.5-cp313-cp313-manylinux_2_34_x86_64.whl", hash = "sha256:f1421dc337350821a0525cc7eb67a2ce3c9dce104972ff9e5d6d4d27ea6d2651"},
    {file = "warpcrypto-2.0.5-cp313-cp313-win_amd64.whl", hash = "sha256:b9f7fd4b4ab45f4b3dd1994231c146b6b6f484ca4a85837860a37d9c0c0fe2f1"},
    {file = "warpcrypto-2.0.5-cp314-cp314-macosx_11_0_arm64.whl", hash = "sha256:c25492f9be8da57fa12c2207c20a7507943e91acc22b81e54ee9aea672e3628c"},
    {file = "warpcrypto-2.0.5-cp314-cp314-manylinux_2_34_aarch64.whl", hash = "sha256:6c852680a83c59c567c9c12ed70f7d88b5ccb4b54f096a0712aad12e4d79864d"},
    {file = "warpcrypto-2.0.5-cp314-cp314-manylinux_2_34_x86_64.whl", hash = "sha256:6d8566f83ab09bad29b4945cd78a36c99095c21838347b30d2524778b63b9c0a"},
    {file = "warpcrypto-2.0.5-cp314-cp314-win_amd64.whl", hash = "sha256:eb83ec0728edc5ece594802ae9e0addda89a82005833ec264dc0044faea38803"},
    {file = "warpcrypto-2.0.5-cp39-cp39-macosx_11_0_arm64.whl", hash = "sha256:f614d3b1544d5e3f691aea62f0f5f38e5acbc8a0e4ddb87933a3579396531207"},
    {file = "warpcrypto-2.0.5-cp39-cp39-manylinux_2_34_aarch64.whl", hash = "sha256:0f9622d7176959d57dd80d44af27ed57e5d5820745ad46c674391c50884d823e"},
    {file = "warpcrypto-2.0.5-cp39-cp39-manylinux_2_34_x86_64.whl", hash = "sha256:ca5468645b8f5cee511936fe711928179d60e5b9baaa1275f008dfba6ebace08"},
    {file = "warpcrypto-2.0.5-cp39-cp39-win_amd64.whl", hash = "sha256:5b332d40ea6e9a66d655627c54240fec04ea0e1350b2025e7be30cb248b4509f"},
]

[[package]]
name = "wzgram"
version = "3.0.27"
description = "Elegant, modern and asynchronous Telegram MTProto API framework in Python for users and bots"
optional = false
python-versions = ">=3.10"
groups = ["main"]
files = [
    {file = "wzgram-3.0.27-py3-none-any.whl", hash = "sha256:f5e410a3ef5bfeb4376979212cdc5dfe8c5169a5922d50bf9d36574ad5b781b3"},
    {file = "wzgram-3.0.27.tar.gz", hash = "sha256:7fea659ce6f358875f00f2f00bebea9df2ec5502c397fc0df66139ea6f56647c"},
]

[package.dependencies]
aiosqlite = ">=0.20.0"
pysocks = ">=1.7.1"
uvloop = {version = "<=0.22.1", optional = true, markers = "(sys_platform == \"darwin\" or sys_platform == \"linux\") and extra == \"fast\""}
warpcrypto = ">=2.0.5"

[package.extras]
dev = ["jinja2 (>=3)", "poethepoet (>=0.32)", "pytest (>=8)", "pytest-asyncio (>=0.24)", "pytest-cov (>=5)", "pyyaml (>=6)", "twine (>=5)"]
docs = ["furo (>=2023)", "sphinx (>=7)"]
fast = ["uvloop (<=0.22.1) ; sys_platform == \"darwin\" or sys_platform == \"linux\""]

[metadata]
lock-version = "2.1"
python-versions = ">=3.11,<4.0"
content-hash = "c9eb90990853a4f7d9b399fc1e540e7bab49bd73cb7b5b210c683c3d0aca388c"
