# This file is automatically @generated by Poetry 2.4.1 and should not be changed by hand.

[[package]]
name = "aiosqlite"
version = "0.22.1"
description = "asyncio bridge to the standard sqlite3 module"
optional = false
python-versions = ">=3.9"
groups = ["main"]
files = [
    {file = "aiosqlite-0.22.1-py3-none-any.whl", hash = "sha256:21c002eb13823fad740196c5a2e9d8e62f6243bd9e7e4a1f87fb5e44ecb4fceb"},
    {file = "aiosqlite-0.22.1.tar.gz", hash = "sha256:043e0bd78d32888c0a9ca90fc788b38796843360c855a7262a532813133a0650"},
]

[package.extras]
dev = ["attribution (==1.8.0)", "black (==25.11.0)", "build (>=1.2)", "coverage[toml] (==7.10.7)", "flake8 (==7.3.0)", "flake8-bugbear (==24.12.12)", "flit (==3.12.0)", "mypy (==1.19.0)", "ufmt (==2.8.0)", "usort (==1.0.8.post1)"]
docs = ["sphinx (==8.1.3)", "sphinx-mdinclude (==0.6.2)"]

[[package]]
name = "pysocks"
version = "1.7.1"
description = "A Python SOCKS client module. See https://github.com/Anorov/PySocks for more information."
optional = false
python-versions = ">=2.7, !=3.0.*, !=3.1.*, !=3.2.*, !=3.3.*"
groups = ["main"]
files = [
    {file = "PySocks-1.7.1-py27-none-any.whl", hash = "sha256:08e69f092cc6dbe92a0fdd16eeb9b9ffbc13cadfe5ca4c7bd92ffb078b293299"},
    {file = "PySocks-1.7.1-py3-none-any.whl", hash = "sha256:2725bd0a9925919b9b51739eea5f9e2bae91e83288108a9ad338b2e3a4435ee5"},
    {file = "PySocks-1.7.1.tar.gz", hash = "sha256:3f8804571ebe159c380ac6de37643bb4685970655d3bba243530d6558b799aa0"},
]

[[package]]
name = "uvloop"
version = "0.22.1"
description = "Fast implementation of asyncio event loop on top of libuv"
optional = false
python-versions = ">=3.8.1"
groups = ["main"]
markers = "sys_platform == \"darwin\" or sys_platform == \"linux\""
files = [
    {file = "uvloop-0.22.1-cp310-cp310-macosx_10_9_universal2.whl", hash = "sha256:ef6f0d4cc8a9fa1f6a910230cd53545d9a14479311e87e3cb225495952eb672c"},
    {file = "uvloop-0.22.1-cp310-cp310-macosx_10_9_x86_64.whl", hash = "sha256:7cd375a12b71d33d46af85a3343b35d98e8116134ba404bd657b3b1d15988792"},
    {file = "uvloop-0.22.1-cp310-cp310-manylinux2014_aarch64.manylinux_2_17_aarch64.manylinux_2_28_aarch64.whl", hash = "sha256:ac33ed96229b7790eb729702751c0e93ac5bc3bcf52ae9eccbff30da09194b86"},
    {file = "uvloop-0.22.1-cp310-cp310-manylinux2014_x86_64.manylinux_2_17_x86_64.manylinux_2_28_x86_64.whl", hash = "sha256:481c990a7abe2c6f4fc3d98781cc9426ebd7f03a9aaa7eb03d3bfc68ac2a46bd"},
    {file = "uvloop-0.22.1-cp310-cp310-musllinux_1_2_aarch64.whl", hash = "sha256:a592b043a47ad17911add5fbd087c76716d7c9ccc1d64ec9249ceafd735f03c2"},
    {file = "uvloop-0.22.1-cp310-cp310-musllinux_1_2_x86_64.whl", hash = "sha256:1489cf791aa7b6e8c8be1c5a080bae3a672791fcb4e9e12249b05862a2ca9cec"},
    {file = "uvloop-0.22.1-cp311-cp311-macosx_10_9_universal2.whl", hash = "sha256:c60ebcd36f7b240b30788554b6f0782454826a0ed765d8430652621b5de674b9"},
    {file = "uvloop-0.22.1-cp311-cp311-macosx_10_9_x86_64.whl", hash = "sha256:3b7f102bf3cb1995cfeaee9321105e8f5da76fdb104cdad8986f85461a1b7b77"},
    {file = "uvloop-0.22.1-cp311-cp311-manylinux2014_aarch64.manylinux_2_17_aarch64.manylinux_2_28_aarch64.whl", hash = "sha256:53c85520781d84a4b8b230e24a5af5b0778efdb39142b424990ff1ef7c48ba21"},
    {file = "uvloop-0.22.1-cp311-cp311-manylinux2014_x86_64.manylinux_2_17_x86_64.manylinux_2_28_x86_64.whl", hash = "sha256:56a2d1fae65fd82197cb8c53c367310b3eabe1bbb9fb5a04d28e3e3520e4f702"},
    {file = "uvloop-0.22.1-cp311-cp311-musllinux_1_2_aarch64.whl", hash = "sha256:40631b049d5972c6755b06d0bfe8233b1bd9a8a6392d9d1c45c10b6f9e9b2733"},
    {file = "uvloop-0.22.1-cp311-cp311-musllinux_1_2_x86_64.whl", hash = "sha256:535cc37b3a04f6cd2c1ef65fa1d370c9a35b6695df735fcff5427323f2cd5473"},
    {file = "uvloop-0.22.1-cp312-cp312-macosx_10_13_universal2.whl", hash = "sha256:fe94b4564e865d968414598eea1a6de60adba0c040ba4ed05ac1300de402cd42"},
    {file = "uvloop-0.22.1-cp312-cp312-macosx_10_13_x86_64.whl", hash = "sha256:51eb9bd88391483410daad430813d982010f9c9c89512321f5b60e2cddbdddd6"},
    {file = "uvloop-0.22.1-cp312-cp312-manylinux2014_aarch64.manylinux_2_17_aarch64.manylinux_2_28_aarch64.whl", hash = "sha256:700e674a166ca5778255e0e1dc4e9d79ab2acc57b9171b79e65feba7184b3370"},
    {file = "uvloop-0.22.1-cp312-cp312-manylinux2014_x86_64.manylinux_2_17_x86_64.manylinux_2_28_x86_64.whl", hash = "sha256:7b5b1ac819a3f946d3b2ee07f09149578ae76066d70b44df3fa990add49a82e4"},
    {file = "uvloop-0.22.1-cp312-cp312-musllinux_1_2_aarch64.whl", hash = "sha256:e047cc068570bac9866237739607d1313b9253c3051ad84738cbb095be0537b2"},
    {file = "uvloop-0.22.1-cp312-cp312-musllinux_1_2_x86_64.whl", hash = "sha256:512fec6815e2dd45161054592441ef76c830eddaad55c8aa30952e6fe1ed07c0"},
    {file = "uvloop-0.22.1-cp313-cp313-macosx_10_13_universal2.whl", hash = "sha256:561577354eb94200d75aca23fbde86ee11be36b00e52a4eaf8f50fb0c86b7705"},
    {file = "uvloop-0.22.1-cp313-cp313-macosx_10_13_x86_64.whl", hash = "sha256:1cdf5192ab3e674ca26da2eada35b288d2fa49fdd0f357a19f0e7c4e7d5077c8"},
    {file = "uvloop-0.22.1-cp313-cp313-manylinux2014_aarch64.manylinux_2_17_aarch64.manylinux_2_28_aarch64.whl", hash = "sha256:6e2ea3d6190a2968f4a14a23019d3b16870dd2190cd69c8180f7c632d21de68d"},
    {file = "uvloop-0.22.1-cp313-cp313-manylinux2014_x86_64.manylinux_2_17_x86_64.manylinux_2_28_x86_64.whl", hash = "sha256:0530a5fbad9c9e4ee3f2b33b148c6a64d47bbad8000ea63704fa8260f4cf728e"},
    {file = "uvloop-0.22.1-cp313-cp313-musllinux_1_2_aarch64.whl", hash = "sha256:bc5ef13bbc10b5335792360623cc378d52d7e62c2de64660616478c32cd0598e"},
    {file = "uvloop-0.22.1-cp313-cp313-musllinux_1_2_x86_64.whl", hash = "sha256:1f38ec5e3f18c8a10ded09742f7fb8de0108796eb673f30ce7762ce1b8550cad"},
    {file = "uvloop-0.22.1-cp314-cp314-macosx_10_13_universal2.whl", hash = "sha256:3879b88423ec7e97cd4eba2a443aa26ed4e59b45e6b76aabf13fe2f27023a142"},
    {file = "uvloop-0.22.1-cp314-cp314-macosx_10_13_x86_64.whl", hash = "sha256:4baa86acedf1d62115c1dc6ad1e17134476688f08c6efd8a2ab076e815665c74"},
    {file = "uvloop-0.22.1-cp314-cp314-manylinux2014_aarch64.manylinux_2_17_aarch64.manylinux_2_28_aarch64.whl", hash = "sha256:297c27d8003520596236bdb2335e6b3f649480bd09e00d1e3a99144b691d2a35"},
    {file = "uvloop-0.22.1-cp314-cp314-manylinux2014_x86_64.manylinux_2_17_x86_64.manylinux_2_28_x86_64.whl", hash = "sha256:c1955d5a1dd43198244d47664a5858082a3239766a839b2102a269aaff7a4e25"},
    {file = "uvloop-0.22.1-cp314-cp314-musllinux_1_2_aarch64.whl", hash = "sha256:b31dc2fccbd42adc73bc4e7cdbae4fc5086cf378979e53ca5d0301838c5682c6"},
    {file = "uvloop-0.22.1-cp314-cp314-musllinux_1_2_x86_64.whl", hash = "sha256:93f617675b2d03af4e72a5333ef89450dfaa5321303ede6e67ba9c9d26878079"},
    {file = "uvloop-0.22.1-cp314-cp314t-macosx_10_13_universal2.whl", hash = "sha256:37554f70528f60cad66945b885eb01f1bb514f132d92b6eeed1c90fd54ed6289"},
    {file = "uvloop-0.22.1-cp314-cp314t-macosx_10_13_x86_64.whl", hash = "sha256:b76324e2dc033a0b2f435f33eb88ff9913c156ef78e153fb210e03c13da746b3"},
    {file = "uvloop-0.22.1-cp314-cp314t-manylinux2014_aarch64.manylinux_2_17_aarch64.manylinux_2_28_aarch64.whl", hash = "sha256:badb4d8e58ee08dad957002027830d5c3b06aea446a6a3744483c2b3b745345c"},
    {file = "uvloop-0.22.1-cp314-cp314t-manylinux2014_x86_64.manylinux_2_17_x86_64.manylinux_2_28_x86_64.whl", hash = "sha256:b91328c72635f6f9e0282e4a57da7470c7350ab1c9f48546c0f2866205349d21"},
    {file = "uvloop-0.22.1-cp314-cp314t-musllinux_1_2_aarch64.whl", hash = "sha256:daf620c2995d193449393d6c62131b3fbd40a63bf7b307a1527856ace637fe88"},
    {file = "uvloop-0.22.1-cp314-cp314t-musllinux_1_2_x86_64.whl", hash = "sha256:6cde23eeda1a25c75b2e07d39970f3374105d5eafbaab2a4482be82f272d5a5e"},
    {file = "uvloop-0.22.1-cp38-cp38-macosx_10_9_universal2.whl", hash = "sha256:80eee091fe128e425177fbd82f8635769e2f32ec9daf6468286ec57ec0313efa"},
    {file = "uvloop-0.22.1-cp38-cp38-macosx_10_9_x86_64.whl", hash = "sha256:017bd46f9e7b78e81606329d07141d3da446f8798c6baeec124260e22c262772"},
    {file = "uvloop-0.22.1-cp38-cp38-manylinux2014_aarch64.manylinux_2_17_aarch64.manylinux_2_28_aarch64.whl", hash = "sha256:c3e5c6727a57cb6558592a95019e504f605d1c54eb86463ee9f7a2dbd411c820"},
    {file = "uvloop-0.22.1-cp38-cp38-manylinux2014_x86_64.manylinux_2_17_x86_64.manylinux_2_28_x86_64.whl", hash = "sha256:57df59d8b48feb0e613d9b1f5e57b7532e97cbaf0d61f7aa9aa32221e84bc4b6"},
    {file = "uvloop-0.22.1-cp38-cp38-musllinux_1_2_aarch64.whl", hash = "sha256:55502bc2c653ed2e9692e8c55cb95b397d33f9f2911e929dc97c4d6b26d04242"},
    {file = "uvloop-0.22.1-cp38-cp38-musllinux_1_2_x86_64.whl", hash = "sha256:4a968a72422a097b09042d5fa2c5c590251ad484acf910a651b4b620acd7f193"},
    {file = "uvloop-0.22.1-cp39-cp39-macosx_10_9_universal2.whl", hash = "sha256:b45649628d816c030dba3c80f8e2689bab1c89518ed10d426036cdc47874dfc4"},
    {file = "uvloop-0.22.1-cp39-cp39-macosx_10_9_x86_64.whl", hash = "sha256:ea721dd3203b809039fcc2983f14608dae82b212288b346e0bfe46ec2fab0b7c"},
    {file = "uvloop-0.22.1-cp39-cp39-manylinux2014_aarch64.manylinux_2_17_aarch64.manylinux_2_28_aarch64.whl", hash = "sha256:0ae676de143db2b2f60a9696d7eca5bb9d0dd6cc3ac3dad59a8ae7e95f9e1b54"},
    {file = "uvloop-0.22.1-cp39-cp39-manylinux2014_x86_64.manylinux_2_17_x86_64.manylinux_2_28_x86_64.whl", hash = "sha256:17d4e97258b0172dfa107b89aa1eeba3016f4b1974ce85ca3ef6a66b35cbf659"},
    {file = "uvloop-0.22.1-cp39-cp39-musllinux_1_2_aarch64.whl", hash = "sha256:05e4b5f86e621cf3927631789999e697e58f0d2d32675b67d9ca9eb0bca55743"},
    {file = "uvloop-0.22.1-cp39-cp39-musllinux_1_2_x86_64.whl", hash = "sha256:286322a90bea1f9422a470d5d2ad82d38080be0a29c4dd9b3e6384320a4d11e7"},
    {file = "uvloop-0.22.1.tar.gz", hash = "sha256:6c84bae345b9147082b17371e3dd5d42775bddce91f885499017f4607fdaf39f"},
]

[package.extras]
dev = ["Cython (>=3.0,<4.0)", "setuptools (>=60)"]
docs = ["Sphinx (>=4.1.2,<4.2.0)", "sphinx_rtd_theme (>=0.5.2,<0.6.0)", "sphinxcontrib-asyncio (>=0.3.0,<0.4.0)"]
test = ["aiohttp (>=3.10.5)", "flake8 (>=6.1,<7.0)", "mypy (>=0.800)", "psutil", "pyOpenSSL (>=25.3.0,<25.4.0)", "pycodestyle (>=2.11.0,<2.12.0)"]

[[package]]
name = "warpcrypto"
version = "2.0.4"
description = "Fast and Portable Cryptography Extension Library (Rust)"
optional = false
python-versions = ">=3.8"
groups = ["main"]
files = [
    {file = "warpcrypto-2.0.4-cp310-cp310-macosx_11_0_arm64.whl", hash = "sha256:436ef251f8d420c0d1d26c89c8b4246a97c570a469b4822a6fc197db83241573"},
    {file = "warpcrypto-2.0.4-cp310-cp310-manylinux_2_34_aarch64.whl", hash = "sha256:7457c10a02b66851f72b42f6f66b77dd3541e986961186ae3cede62c609aad3c"},
    {file = "warpcrypto-2.0.4-cp310-cp310-manylinux_2_34_x86_64.whl", hash = "sha256:644c1aaecf7c770e6aa7767cb9310fa373a6235f5c5c144a1c30d22f80eaff5d"},
    {file = "warpcrypto-2.0.4-cp310-cp310-win_amd64.whl", hash = "sha256:224a3bec2e644e3f39cf798cb9a27e65bb18aa137091d8bc69ee2e5b751639ec"},
    {file = "warpcrypto-2.0.4-cp311-cp311-macosx_11_0_arm64.whl", hash = "sha256:d83cedca5aa9c8c531809df01bfffb6ff31a7917ecff3b77568814a0be214741"},
    {file = "warpcrypto-2.0.4-cp311-cp311-manylinux_2_34_aarch64.whl", hash = "sha256:27ce7cc5fa36112056f48e2774bb3f2aecf3e005635bb8183f36c87405495b96"},
    {file = "warpcrypto-2.0.4-cp311-cp311-manylinux_2_34_x86_64.whl", hash = "sha256:74179feb3ba362fe66c47b3a24a3fb6179866501227dfd8878c60e3787b3ac8f"},
    {file = "warpcrypto-2.0.4-cp311-cp311-win_amd64.whl", hash = "sha256:9b09322ce26829f293b51be5c8f8fb09995967716662ef2fc19752aaeb7fe2b2"},
    {file = "warpcrypto-2.0.4-cp312-cp312-macosx_11_0_arm64.whl", hash = "sha256:3562ced7a9f7dd1a75627d0cf8440f9fa044c8c0857c3affc2ed1eae34f8b226"},
    {file = "warpcrypto-2.0.4-cp312-cp312-manylinux_2_34_aarch64.whl", hash = "sha256:568ca30254edd372bc126486b2482c3802d4b452c446c87be63bb6a1fd082a0a"},
    {file = "warpcrypto-2.0.4-cp312-cp312-manylinux_2_34_x86_64.whl", hash = "sha256:9c0503217ac8d7d14d87e4cd4638d5aa858836b1a6bc181c5028497697a4d3e4"},
    {file = "warpcrypto-2.0.4-cp312-cp312-win_amd64.whl", hash = "sha256:63c49773fdb41d0a5fb2d638474e8fae2c21196fed984f08cdccf090773e75fd"},
    {file = "warpcrypto-2.0.4-cp313-cp313-macosx_11_0_arm64.whl", hash = "sha256:62dfc4dc0e74ffeb55decf7d5afd1ae2820f638a4ede50fc312144fcd17f5358"},
    {file = "warpcrypto-2.0.4-cp313-cp313-manylinux_2_34_aarch64.whl", hash = "sha256:2caeacddc0649e73692574c5fbdd5461fd4049edd76fa7ec70df5ac39296df3b"},
    {file = "warpcrypto-2.0.4-cp313-cp313-manylinux_2_34_x86_64.whl", hash = "sha256:54e4d32513f4920ea90b0dfb914c37388981cd950dfb7637a072883d414447a3"},
    {file = "warpcrypto-2.0.4-cp313-cp313-win_amd64.whl", hash = "sha256:ef6af21dd85380090b6019bd8df8e6eef970b607808dfedcaa17ac1b94454efc"},
    {file = "warpcrypto-2.0.4-cp314-cp314-macosx_11_0_arm64.whl", hash = "sha256:30f246d25bb3bedb0fee395f3ebe8c8b3f368b74fce71f02a0072661e5475708"},
    {file = "warpcrypto-2.0.4-cp314-cp314-manylinux_2_34_aarch64.whl", hash = "sha256:8aab9220a3a4b65c2ad4846bc42ea4629612839e3feec582b8181ec346baab92"},
    {file = "warpcrypto-2.0.4-cp314-cp314-manylinux_2_34_x86_64.whl", hash = "sha256:6cb2545677e678f01e786f171c089959fd97eacc02f345155fb31389d0817afc"},
    {file = "warpcrypto-2.0.4-cp314-cp314-win_amd64.whl", hash = "sha256:57ca2bb8ba94ee6051b925bc1f90339a098ddac768bbd56b35f67d60d1ebd7de"},
    {file = "warpcrypto-2.0.4-cp39-cp39-macosx_11_0_arm64.whl", hash = "sha256:5d01ac29fc699ebbaf0062307fe8e7224057d20f76bce9a12f13c07504552e9e"},
    {file = "warpcrypto-2.0.4-cp39-cp39-manylinux_2_34_aarch64.whl", hash = "sha256:166412c18c19e79b2cbb0ccdacb5814208a9097ac3ce8786f36b6ac98561ef89"},
    {file = "warpcrypto-2.0.4-cp39-cp39-manylinux_2_34_x86_64.whl", hash = "sha256:053b0eacaef201d84dd464f78b4460ea8faa0d4f12cca05804ed982afcd50f04"},
    {file = "warpcrypto-2.0.4-cp39-cp39-win_amd64.whl", hash = "sha256:8d85c12707b2dda0ab875978b65534e585ad4838e0f69138c368cc03e6036c12"},
]

[[package]]
name = "wzgram"
version = "3.0.21"
description = "Elegant, modern and asynchronous Telegram MTProto API framework in Python for users and bots"
optional = false
python-versions = ">=3.10"
groups = ["main"]
files = [
    {file = "wzgram-3.0.21-py3-none-any.whl", hash = "sha256:deda10a7851c53651c85ccdd20ec633152bbca6284c1e1b92161ee560d41c93a"},
    {file = "wzgram-3.0.21.tar.gz", hash = "sha256:fba075aff6828d6ba3beebeda8c52be4acdca9db0202224d36e0592069bd06ad"},
]

[package.dependencies]
aiosqlite = ">=0.20.0"
pysocks = "1.7.1"
uvloop = {version = "<=0.22.1", optional = true, markers = "(sys_platform == \"darwin\" or sys_platform == \"linux\") and extra == \"fast\""}
warpcrypto = ">=2.0.4"

[package.extras]
dev = ["jinja2 (>=3)", "poethepoet (>=0.32)", "pytest (>=8)", "pytest-asyncio (>=0.24)", "pytest-cov (>=5)", "pyyaml (>=6)", "twine (>=5)"]
docs = ["furo (>=2023)", "sphinx (>=7)"]
fast = ["uvloop (<=0.22.1) ; sys_platform == \"darwin\" or sys_platform == \"linux\""]

[metadata]
lock-version = "2.1"
python-versions = ">=3.11,<4.0"
content-hash = "c9eb90990853a4f7d9b399fc1e540e7bab49bd73cb7b5b210c683c3d0aca388c"
